// !$*UTF8*$!
{
	archiveVersion = 1;
	classes = {
	};
	objectVersion = 46;
	objects = {

/* Begin PBXBuildFile section */
		9424E48B1A9540420048D1A8 /* AppDelegate.swift in Sources */ = {isa = PBXBuildFile; fileRef = 9424E48A1A9540420048D1A8 /* AppDelegate.swift */; };
		9424E48D1A9540420048D1A8 /* ViewController.swift in Sources */ = {isa = PBXBuildFile; fileRef = 9424E48C1A9540420048D1A8 /* ViewController.swift */; };
		9424E4901A9540420048D1A8 /* Main.storyboard in Resources */ = {isa = PBXBuildFile; fileRef = 9424E48E1A9540420048D1A8 /* Main.storyboard */; };
		9424E4921A9540420048D1A8 /* Images.xcassets in Resources */ = {isa = PBXBuildFile; fileRef = 9424E4911A9540420048D1A8 /* Images.xcassets */; };
		9424E4951A9540420048D1A8 /* LaunchScreen.xib in Resources */ = {isa = PBXBuildFile; fileRef = 9424E4931A9540420048D1A8 /* LaunchScreen.xib */; };
		9424E4A11A9540430048D1A8 /* WhatToWearTests.swift in Sources */ = {isa = PBXBuildFile; fileRef = 9424E4A01A9540430048D1A8 /* WhatToWearTests.swift */; };
		9424E4AB1A962E2B0048D1A8 /* Current.swift in Sources */ = {isa = PBXBuildFile; fileRef = 9424E4AA1A962E2B0048D1A8 /* Current.swift */; };
/* End PBXBuildFile section */

/* Begin PBXContainerItemProxy section */
		9424E49B1A9540430048D1A8 /* PBXContainerItemProxy */ = {
			isa = PBXContainerItemProxy;
			containerPortal = 9424E47D1A9540420048D1A8 /* Project object */;
			proxyType = 1;
			remoteGlobalIDString = 9424E4841A9540420048D1A8;
			remoteInfo = WhatToWear;
		};
/* End PBXContainerItemProxy section */

/* Begin PBXFileReference section */
		9424E4851A9540420048D1A8 /* WhatToWear.app */ = {isa = PBXFileReference; explicitFileType = wrapper.application; includeInIndex = 0; path = WhatToWear.app; sourceTree = BUILT_PRODUCTS_DIR; };
		9424E4891A9540420048D1A8 /* Info.plist */ = {isa = PBXFileReference; lastKnownFileType = text.plist.xml; path = Info.plist; sourceTree = "<group>"; };
		9424E48A1A9540420048D1A8 /* AppDelegate.swift */ = {isa = PBXFileReference; lastKnownFileType = sourcecode.swift; path = AppDelegate.swift; sourceTree = "<group>"; };
		9424E48C1A9540420048D1A8 /* ViewController.swift */ = {isa = PBXFileReference; lastKnownFileType = sourcecode.swift; path = ViewController.swift; sourceTree = "<group>"; };
		9424E48F1A9540420048D1A8 /* Base */ = {isa = PBXFileReference; lastKnownFileType = file.storyboard; name = Base; path = Base.lproj/Main.storyboard; sourceTree = "<group>"; };
		9424E4911A9540420048D1A8 /* Images.xcassets */ = {isa = PBXFileReference; lastKnownFileType = folder.assetcatalog; path = Images.xcassets; sourceTree = "<group>"; };
		9424E4941A9540420048D1A8 /* Base */ = {isa = PBXFileReference; lastKnownFileType = file.xib; name = Base; path = Base.lproj/LaunchScreen.xib; sourceTree = "<group>"; };
		9424E49A1A9540430048D1A8 /* WhatToWearTests.xctest */ = {isa = PBXFileReference; explicitFileType = wrapper.cfbundle; includeInIndex = 0; path = WhatToWearTests.xctest; sourceTree = BUILT_PRODUCTS_DIR; };
		9424E49F1A9540430048D1A8 /* Info.plist */ = {isa = PBXFileReference; lastKnownFileType = text.plist.xml; path = Info.plist; sourceTree = "<group>"; };
		9424E4A01A9540430048D1A8 /* WhatToWearTests.swift */ = {isa = PBXFileReference; lastKnownFileType = sourcecode.swift; path = WhatToWearTests.swift; sourceTree = "<group>"; };
		9424E4AA1A962E2B0048D1A8 /* Current.swift */ = {isa = PBXFileReference; fileEncoding = 4; lastKnownFileType = sourcecode.swift; path = Current.swift; sourceTree = "<group>"; };
/* End PBXFileReference section */

/* Begin PBXFrameworksBuildPhase section */
		9424E4821A9540420048D1A8 /* Frameworks */ = {
			isa = PBXFrameworksBuildPhase;
			buildActionMask = 2147483647;
			files = (
			);
			runOnlyForDeploymentPostprocessing = 0;
		};
		9424E4971A9540430048D1A8 /* Frameworks */ = {
			isa = PBXFrameworksBuildPhase;
			buildActionMask = 2147483647;
			files = (
			);
			runOnlyForDeploymentPostprocessing = 0;
		};
/* End PBXFrameworksBuildPhase section */

/* Begin PBXGroup section */
		9424E47C1A9540420048D1A8 = {
			isa = PBXGroup;
			children = (
				9424E4871A9540420048D1A8 /* WhatToWear */,
				9424E49D1A9540430048D1A8 /* WhatToWearTests */,
				9424E4861A9540420048D1A8 /* Products */,
			);
			sourceTree = "<group>";
		};
		9424E4861A9540420048D1A8 /* Products */ = {
			isa = PBXGroup;
			children = (
				9424E4851A9540420048D1A8 /* WhatToWear.app */,
				9424E49A1A9540430048D1A8 /* WhatToWearTests.xctest */,
			);
			name = Products;
			sourceTree = "<group>";
		};
		9424E4871A9540420048D1A8 /* WhatToWear */ = {
			isa = PBXGroup;
			children = (
				9424E48A1A9540420048D1A8 /* AppDelegate.swift */,
				9424E48C1A9540420048D1A8 /* ViewController.swift */,
				9424E4AA1A962E2B0048D1A8 /* Current.swift */,
				9424E48E1A9540420048D1A8 /* Main.storyboard */,
				9424E4911A9540420048D1A8 /* Images.xcassets */,
				9424E4931A9540420048D1A8 /* LaunchScreen.xib */,
				9424E4881A9540420048D1A8 /* Supporting Files */,
			);
			path = WhatToWear;
			sourceTree = "<group>";
		};
		9424E4881A9540420048D1A8 /* Supporting Files */ = {
			isa = PBXGroup;
			children = (
				9424E4891A9540420048D1A8 /* Info.plist */,
			);
			name = "Supporting Files";
			sourceTree = "<group>";
		};
		9424E49D1A9540430048D1A8 /* WhatToWearTests */ = {
			isa = PBXGroup;
			children = (
				9424E4A01A9540430048D1A8 /* WhatToWearTests.swift */,
				9424E49E1A9540430048D1A8 /* Supporting Files */,
			);
			path = WhatToWearTests;
			sourceTree = "<group>";
		};
		9424E49E1A9540430048D1A8 /* Supporting Files */ = {
			isa = PBXGroup;
			children = (
				9424E49F1A9540430048D1A8 /* Info.plist */,
			);
			name = "Supporting Files";
			sourceTree = "<group>";
		};
/* End PBXGroup section */

/* Begin PBXNativeTarget section */
		9424E4841A9540420048D1A8 /* WhatToWear */ = {
			isa = PBXNativeTarget;
			buildConfigurationList = 9424E4A41A9540430048D1A8 /* Build configuration list for PBXNativeTarget "WhatToWear" */;
			buildPhases = (
				9424E4811A9540420048D1A8 /* Sources */,
				9424E4821A9540420048D1A8 /* Frameworks */,
				9424E4831A9540420048D1A8 /* Resources */,
			);
			buildRules = (
			);
			dependencies = (
			);
			name = WhatToWear;
			productName = WhatToWear;
			productReference = 9424E4851A9540420048D1A8 /* WhatToWear.app */;
			productType = "com.apple.product-type.application";
		};
		9424E4991A9540430048D1A8 /* WhatToWearTests */ = {
			isa = PBXNativeTarget;
			buildConfigurationList = 9424E4A71A9540430048D1A8 /* Build configuration list for PBXNativeTarget "WhatToWearTests" */;
			buildPhases = (
				9424E4961A9540430048D1A8 /* Sources */,
				9424E4971A9540430048D1A8 /* Frameworks */,
				9424E4981A9540430048D1A8 /* Resources */,
			);
			buildRules = (
			);
			dependencies = (
				9424E49C1A9540430048D1A8 /* PBXTargetDependency */,
			);
			name = WhatToWearTests;
			productName = WhatToWearTests;
			productReference = 9424E49A1A9540430048D1A8 /* WhatToWearTests.xctest */;
			productType = "com.apple.product-type.bundle.unit-test";
		};
/* End PBXNativeTarget section */

/* Begin PBXProject section */
		9424E47D1A9540420048D1A8 /* Project object */ = {
			isa = PBXProject;
			attributes = {
				LastUpgradeCheck = 0610;
				ORGANIZATIONNAME = Mumush;
				TargetAttributes = {
					9424E4841A9540420048D1A8 = {
						CreatedOnToolsVersion = 6.1.1;
					};
					9424E4991A9540430048D1A8 = {
						CreatedOnToolsVersion = 6.1.1;
						TestTargetID = 9424E4841A9540420048D1A8;
					};
				};
			};
			buildConfigurationList = 9424E4801A9540420048D1A8 /* Build configuration list for PBXProject "WhatToWear" */;
			compatibilityVersion = "Xcode 3.2";
			developmentRegion = English;
			hasScannedForEncodings = 0;
			knownRegions = (
				en,
				Base,
			);
			mainGroup = 9424E47C1A9540420048D1A8;
			productRefGroup = 9424E4861A9540420048D1A8 /* Products */;
			projectDirPath = "";
			projectRoot = "";
			targets = (
				9424E4841A9540420048D1A8 /* WhatToWear */,
				9424E4991A9540430048D1A8 /* WhatToWearTests */,
			);
		};
/* End PBXProject section */

/* Begin PBXResourcesBuildPhase section */
		9424E4831A9540420048D1A8 /* Resources */ = {
			isa = PBXResourcesBuildPhase;
			buildActionMask = 2147483647;
			files = (
				9424E4901A9540420048D1A8 /* Main.storyboard in Resources */,
				9424E4951A9540420048D1A8 /* LaunchScreen.xib in Resources */,
				9424E4921A9540420048D1A8 /* Images.xcassets in Resources */,
			);
			runOnlyForDeploymentPostprocessing = 0;
		};
		9424E4981A9540430048D1A8 /* Resources */ = {
			isa = PBXResourcesBuildPhase;
			buildActionMask = 2147483647;
			files = (
			);
			runOnlyForDeploymentPostprocessing = 0;
		};
/* End PBXResourcesBuildPhase section */

/* Begin PBXSourcesBuildPhase section */
		9424E4811A9540420048D1A8 /* Sources */ = {
			isa = PBXSourcesBuildPhase;
			buildActionMask = 2147483647;
			files = (
				9424E4AB1A962E2B0048D1A8 /* Current.swift in Sources */,
				9424E48D1A9540420048D1A8 /* ViewController.swift in Sources */,
				9424E48B1A9540420048D1A8 /* AppDelegate.swift in Sources */,
			);
			runOnlyForDeploymentPostprocessing = 0;
		};
		9424E4961A9540430048D1A8 /* Sources */ = {
			isa = PBXSourcesBuildPhase;
			buildActionMask = 2147483647;
			files = (
				9424E4A11A9540430048D1A8 /* WhatToWearTests.swift in Sources */,
			);
			runOnlyForDeploymentPostprocessing = 0;
		};
/* End PBXSourcesBuildPhase section */

/* Begin PBXTargetDependency section */
		9424E49C1A9540430048D1A8 /* PBXTargetDependency */ = {
			isa = PBXTargetDependency;
			target = 9424E4841A9540420048D1A8 /* WhatToWear */;
			targetProxy = 9424E49B1A9540430048D1A8 /* PBXContainerItemProxy */;
		};
/* End PBXTargetDependency section */

/* Begin PBXVariantGroup section */
		9424E48E1A9540420048D1A8 /* Main.storyboard */ = {
			isa = PBXVariantGroup;
			children = (
				9424E48F1A9540420048D1A8 /* Base */,
			);
			name = Main.storyboard;
			sourceTree = "<group>";
		};
		9424E4931A9540420048D1A8 /* LaunchScreen.xib */ = {
			isa = PBXVariantGroup;
			children = (
				9424E4941A9540420048D1A8 /* Base */,
			);
			name = LaunchScreen.xib;
			sourceTree = "<group>";
		};
/* End PBXVariantGroup section */

/* Begin XCBuildConfiguration section */
		9424E4A21A9540430048D1A8 /* Debug */ = {
			isa = XCBuildConfiguration;
			buildSettings = {
				ALWAYS_SEARCH_USER_PATHS = NO;
				CLANG_CXX_LANGUAGE_STANDARD = "gnu++0x";
				CLANG_CXX_LIBRARY = "libc++";
				CLANG_ENABLE_MODULES = YES;
				CLANG_ENABLE_OBJC_ARC = YES;
				CLANG_WARN_BOOL_CONVERSION = YES;
				CLANG_WARN_CONSTANT_CONVERSION = YES;
				CLANG_WARN_DIRECT_OBJC_ISA_USAGE = YES_ERROR;
				CLANG_WARN_EMPTY_BODY = YES;
				CLANG_WARN_ENUM_CONVERSION = YES;
				CLANG_WARN_INT_CONVERSION = YES;
				CLANG_WARN_OBJC_ROOT_CLASS = YES_ERROR;
				CLANG_WARN_UNREACHABLE_CODE = YES;
				CLANG_WARN__DUPLICATE_METHOD_MATCH = YES;
				"CODE_SIGN_IDENTITY[sdk=iphoneos*]" = "iPhone Developer";
				COPY_PHASE_STRIP = NO;
				ENABLE_STRICT_OBJC_MSGSEND = YES;
				GCC_C_LANGUAGE_STANDARD = gnu99;
				GCC_DYNAMIC_NO_PIC = NO;
				GCC_OPTIMIZATION_LEVEL = 0;
				GCC_PREPROCESSOR_DEFINITIONS = (
					"DEBUG=1",
					"$(inherited)",
				);
				GCC_SYMBOLS_PRIVATE_EXTERN = NO;
				GCC_WARN_64_TO_32_BIT_CONVERSION = YES;
				GCC_WARN_ABOUT_RETURN_TYPE = YES_ERROR;
				GCC_WARN_UNDECLARED_SELECTOR = YES;
				GCC_WARN_UNINITIALIZED_AUTOS = YES_AGGRESSIVE;
				GCC_WARN_UNUSED_FUNCTION = YES;
				GCC_WARN_UNUSED_VARIABLE = YES;
				IPHONEOS_DEPLOYMENT_TARGET = 8.1;
				MTL_ENABLE_DEBUG_INFO = YES;
				ONLY_ACTIVE_ARCH = YES;
				SDKROOT = iphoneos;
				SWIFT_OPTIMIZATION_LEVEL = "-Onone";
				TARGETED_DEVICE_FAMILY = "1,2";
			};
			name = Debug;
		};
		9424E4A31A9540430048D1A8 /* Release */ = {
			isa = XCBuildConfiguration;
			buildSettings = {
				ALWAYS_SEARCH_USER_PATHS = NO;
				CLANG_CXX_LANGUAGE_STANDARD = "gnu++0x";
				CLANG_CXX_LIBRARY = "libc++";
				CLANG_ENABLE_MODULES = YES;
				CLANG_ENABLE_OBJC_ARC = YES;
				CLANG_WARN_BOOL_CONVERSION = YES;
				CLANG_WARN_CONSTANT_CONVERSION = YES;
				CLANG_WARN_DIRECT_OBJC_ISA_USAGE = YES_ERROR;
				CLANG_WARN_EMPTY_BODY = YES;
				CLANG_WARN_ENUM_CONVERSION = YES;
				CLANG_WARN_INT_CONVERSION = YES;
				CLANG_WARN_OBJC_ROOT_CLASS = YES_ERROR;
				CLANG_WARN_UNREACHABLE_CODE = YES;
				CLANG_WARN__DUPLICATE_METHOD_MATCH = YES;
				"CODE_SIGN_IDENTITY[sdk=iphoneos*]" = "iPhone Developer";
				COPY_PHASE_STRIP = YES;
				ENABLE_NS_ASSERTIONS = NO;
				ENABLE_STRICT_OBJC_MSGSEND = YES;
				GCC_C_LANGUAGE_STANDARD = gnu99;
				GCC_WARN_64_TO_32_BIT_CONVERSION = YES;
				GCC_WARN_ABOUT_RETURN_TYPE = YES_ERROR;
				GCC_WARN_UNDECLARED_SELECTOR = YES;
				GCC_WARN_UNINITIALIZED_AUTOS = YES_AGGRESSIVE;
				GCC_WARN_UNUSED_FUNCTION = YES;
				GCC_WARN_UNUSED_VARIABLE = YES;
				IPHONEOS_DEPLOYMENT_TARGET = 8.1;
				MTL_ENABLE_DEBUG_INFO = NO;
				SDKROOT = iphoneos;
				TARGETED_DEVICE_FAMILY = "1,2";
				VALIDATE_PRODUCT = YES;
			};
			name = Release;
		};
		9424E4A51A9540430048D1A8 /* Debug */ = {
			isa = XCBuildConfiguration;
			buildSettings = {
				ASSETCATALOG_COMPILER_APPICON_NAME = AppIcon;
				INFOPLIST_FILE = WhatToWear/Info.plist;
				LD_RUNPATH_SEARCH_PATHS = "$(inherited) @executable_path/Frameworks";
				PRODUCT_NAME = WhatToWear;
			};
			name = Debug;
		};
		9424E4A61A9540430048D1A8 /* Release */ = {
			isa = XCBuildConfiguration;
			buildSettings = {
				ASSETCATALOG_COMPILER_APPICON_NAME = AppIcon;
				INFOPLIST_FILE = WhatToWear/Info.plist;
				LD_RUNPATH_SEARCH_PATHS = "$(inherited) @executable_path/Frameworks";
				PRODUCT_NAME = WhatToWear;
			};
			name = Release;
		};
		9424E4A81A9540430048D1A8 /* Debug */ = {
			isa = XCBuildConfiguration;
			buildSettings = {
				BUNDLE_LOADER = "$(TEST_HOST)";
				FRAMEWORK_SEARCH_PATHS = (
					"$(SDKROOT)/Developer/Library/Frameworks",
					"$(inherited)",
				);
				GCC_PREPROCESSOR_DEFINITIONS = (
					"DEBUG=1",
					"$(inherited)",
				);
				INFOPLIST_FILE = WhatToWearTests/Info.plist;
				LD_RUNPATH_SEARCH_PATHS = "$(inherited) @executable_path/Frameworks @loader_path/Frameworks";
				PRODUCT_NAME = WhatToWearTests;
				TEST_HOST = "$(BUILT_PRODUCTS_DIR)/WhatToWear.app/WhatToWear";
			};
			name = Debug;
		};
		9424E4A91A9540430048D1A8 /* Release */ = {
			isa = XCBuildConfiguration;
			buildSettings = {
				BUNDLE_LOADER = "$(TEST_HOST)";
				FRAMEWORK_SEARCH_PATHS = (
					"$(SDKROOT)/Developer/Library/Frameworks",
					"$(inherited)",
				);
				INFOPLIST_FILE = WhatToWearTests/Info.plist;
				LD_RUNPATH_SEARCH_PATHS = "$(inherited) @executable_path/Frameworks @loader_path/Frameworks";
				PRODUCT_NAME = WhatToWearTests;
				TEST_HOST = "$(BUILT_PRODUCTS_DIR)/WhatToWear.app/WhatToWear";
			};
			name = Release;
		};
/* End XCBuildConfiguration section */

/* Begin XCConfigurationList section */
		9424E4801A9540420048D1A8 /* Build configuration list for PBXProject "WhatToWear" */ = {
			isa = XCConfigurationList;
			buildConfigurations = (
				9424E4A21A9540430048D1A8 /* Debug */,
				9424E4A31A9540430048D1A8 /* Release */,
			);
			defaultConfigurationIsVisible = 0;
			defaultConfigurationName = Release;
		};
		9424E4A41A9540430048D1A8 /* Build configuration list for PBXNativeTarget "WhatToWear" */ = {
			isa = XCConfigurationList;
			buildConfigurations = (
				9424E4A51A9540430048D1A8 /* Debug */,
				9424E4A61A9540430048D1A8 /* Release */,
			);
			defaultConfigurationIsVisible = 0;
			defaultConfigurationName = Release;
		};
		9424E4A71A9540430048D1A8 /* Build configuration list for PBXNativeTarget "WhatToWearTests" */ = {
			isa = XCConfigurationList;
			buildConfigurations = (
				9424E4A81A9540430048D1A8 /* Debug */,
				9424E4A91A9540430048D1A8 /* Release */,
			);
			defaultConfigurationIsVisible = 0;
			defaultConfigurationName = Release;
		};
/* End XCConfigurationList section */
	};
	rootObject = 9424E47D1A9540420048D1A8 /* Project object */;
}
